// !$*UTF8*$!
{
	archiveVersion = 1;
	classes = {
	};
	objectVersion = 77;
	objects = {

/* Begin PBXBuildFile section */
		57A0286630056EA600A471FA /* FirebaseAuth in Frameworks */ = {isa = PBXBuildFile; productRef = 57A0286530056EA600A471FA /* FirebaseAuth */; };
		57A0286830056EA600A471FA /* FirebaseCore in Frameworks */ = {isa = PBXBuildFile; productRef = 57A0286730056EA600A471FA /* FirebaseCore */; };
		57A0286A30056EA600A471FA /* FirebaseCrashlytics in Frameworks */ = {isa = PBXBuildFile; productRef = 57A0286930056EA600A471FA /* FirebaseCrashlytics */; };
		57A0286C30056EA600A471FA /* FirebaseFirestore in Frameworks */ = {isa = PBXBuildFile; productRef = 57A0286B30056EA600A471FA /* FirebaseFirestore */; };
		AAAAAAAA0000000000000003 /* Secrets.generated.swift in Sources */ = {isa = PBXBuildFile; fileRef = AAAAAAAA0000000000000002 /* Secrets.generated.swift */; };
/* End PBXBuildFile section */

/* Begin PBXContainerItemProxy section */
		57470FCA3002941B006E6AA8 /* PBXContainerItemProxy */ = {
			isa = PBXContainerItemProxy;
			containerPortal = 57470FB43002941A006E6AA8 /* Project object */;
			proxyType = 1;
			remoteGlobalIDString = 57470FBB3002941A006E6AA8;
			remoteInfo = tvQ;
		};
		57470FD43002941B006E6AA8 /* PBXContainerItemProxy */ = {
			isa = PBXContainerItemProxy;
			containerPortal = 57470FB43002941A006E6AA8 /* Project object */;
			proxyType = 1;
			remoteGlobalIDString = 57470FBB3002941A006E6AA8;
			remoteInfo = tvQ;
		};
/* End PBXContainerItemProxy section */

/* Begin PBXFileReference section */
		57470FBC3002941A006E6AA8 /* tvQ.app */ = {isa = PBXFileReference; explicitFileType = wrapper.application; includeInIndex = 0; path = tvQ.app; sourceTree = BUILT_PRODUCTS_DIR; };
		57470FC93002941B006E6AA8 /* tvQTests.xctest */ = {isa = PBXFileReference; explicitFileType = wrapper.cfbundle; includeInIndex = 0; path = tvQTests.xctest; sourceTree = BUILT_PRODUCTS_DIR; };
		57470FD33002941B006E6AA8 /* tvQUITests.xctest */ = {isa = PBXFileReference; explicitFileType = wrapper.cfbundle; includeInIndex = 0; path = tvQUITests.xctest; sourceTree = BUILT_PRODUCTS_DIR; };
		AAAAAAAA0000000000000002 /* Secrets.generated.swift */ = {isa = PBXFileReference; lastKnownFileType = sourcecode.swift; path = Secrets.generated.swift; sourceTree = "<group>"; };
		AAAAAAAA0000000000000005 /* Secrets.xcconfig */ = {isa = PBXFileReference; lastKnownFileType = text.xcconfig; path = Secrets.xcconfig; sourceTree = "<group>"; };
/* End PBXFileReference section */

/* Begin PBXFileSystemSynchronizedRootGroup section */
		57470FBE3002941A006E6AA8 /* tvQ */ = {
			isa = PBXFileSystemSynchronizedRootGroup;
			path = tvQ;
			sourceTree = "<group>";
		};
		57470FCC3002941B006E6AA8 /* tvQTests */ = {
			isa = PBXFileSystemSynchronizedRootGroup;
			path = tvQTests;
			sourceTree = "<group>";
		};
		57470FD63002941B006E6AA8 /* tvQUITests */ = {
			isa = PBXFileSystemSynchronizedRootGroup;
			path = tvQUITests;
			sourceTree = "<group>";
		};
/* End PBXFileSystemSynchronizedRootGroup section */

/* Begin PBXFrameworksBuildPhase section */
		57470FB93002941A006E6AA8 /* Frameworks */ = {
			isa = PBXFrameworksBuildPhase;
			buildActionMask = 2147483647;
			files = (
				57A0286A30056EA600A471FA /* FirebaseCrashlytics in Frameworks */,
				57A0286C30056EA600A471FA /* FirebaseFirestore in Frameworks */,
				57A0286830056EA600A471FA /* FirebaseCore in Frameworks */,
				57A0286630056EA600A471FA /* FirebaseAuth in Frameworks */,
			);
			runOnlyForDeploymentPostprocessing = 0;
		};
		57470FC63002941B006E6AA8 /* Frameworks */ = {
			isa = PBXFrameworksBuildPhase;
			buildActionMask = 2147483647;
			files = (
			);
			runOnlyForDeploymentPostprocessing = 0;
		};
		57470FD03002941B006E6AA8 /* Frameworks */ = {
			isa = PBXFrameworksBuildPhase;
			buildActionMask = 2147483647;
			files = (
			);
			runOnlyForDeploymentPostprocessing = 0;
		};
/* End PBXFrameworksBuildPhase section */

/* Begin PBXGroup section */
		57470FB33002941A006E6AA8 = {
			isa = PBXGroup;
			children = (
				57470FBE3002941A006E6AA8 /* tvQ */,
				57470FCC3002941B006E6AA8 /* tvQTests */,
				57470FD63002941B006E6AA8 /* tvQUITests */,
				AAAAAAAA0000000000000004 /* Config */,
				57470FBD3002941A006E6AA8 /* Products */,
			);
			sourceTree = "<group>";
		};
		57470FBD3002941A006E6AA8 /* Products */ = {
			isa = PBXGroup;
			children = (
				57470FBC3002941A006E6AA8 /* tvQ.app */,
				57470FC93002941B006E6AA8 /* tvQTests.xctest */,
				57470FD33002941B006E6AA8 /* tvQUITests.xctest */,
			);
			name = Products;
			sourceTree = "<group>";
		};
		AAAAAAAA0000000000000004 /* Config */ = {
			isa = PBXGroup;
			children = (
				AAAAAAAA0000000000000005 /* Secrets.xcconfig */,
				AAAAAAAA0000000000000002 /* Secrets.generated.swift */,
			);
			path = Config;
			sourceTree = "<group>";
		};
/* End PBXGroup section */

/* Begin PBXNativeTarget section */
		57470FBB3002941A006E6AA8 /* tvQ */ = {
			isa = PBXNativeTarget;
			buildConfigurationList = 57470FDD3002941B006E6AA8 /* Build configuration list for PBXNativeTarget "tvQ" */;
			buildPhases = (
				AAAAAAAA0000000000000001 /* Générer Secrets.generated.swift */,
				57470FB83002941A006E6AA8 /* Sources */,
				57470FB93002941A006E6AA8 /* Frameworks */,
				57470FBA3002941A006E6AA8 /* Resources */,
			);
			buildRules = (
			);
			dependencies = (
			);
			fileSystemSynchronizedGroups = (
				57470FBE3002941A006E6AA8 /* tvQ */,
			);
			name = tvQ;
			packageProductDependencies = (
				57A0286530056EA600A471FA /* FirebaseAuth */,
				57A0286730056EA600A471FA /* FirebaseCore */,
				57A0286930056EA600A471FA /* FirebaseCrashlytics */,
				57A0286B30056EA600A471FA /* FirebaseFirestore */,
			);
			productName = tvQ;
			productReference = 57470FBC3002941A006E6AA8 /* tvQ.app */;
			productType = "com.apple.product-type.application";
		};
		57470FC83002941B006E6AA8 /* tvQTests */ = {
			isa = PBXNativeTarget;
			buildConfigurationList = 57470FE03002941B006E6AA8 /* Build configuration list for PBXNativeTarget "tvQTests" */;
			buildPhases = (
				57470FC53002941B006E6AA8 /* Sources */,
				57470FC63002941B006E6AA8 /* Frameworks */,
				57470FC73002941B006E6AA8 /* Resources */,
			);
			buildRules = (
			);
			dependencies = (
				57470FCB3002941B006E6AA8 /* PBXTargetDependency */,
			);
			fileSystemSynchronizedGroups = (
				57470FCC3002941B006E6AA8 /* tvQTests */,
			);
			name = tvQTests;
			packageProductDependencies = (
			);
			productName = tvQTests;
			productReference = 57470FC93002941B006E6AA8 /* tvQTests.xctest */;
			productType = "com.apple.product-type.bundle.unit-test";
		};
		57470FD23002941B006E6AA8 /* tvQUITests */ = {
			isa = PBXNativeTarget;
			buildConfigurationList = 57470FE33002941B006E6AA8 /* Build configuration list for PBXNativeTarget "tvQUITests" */;
			buildPhases = (
				57470FCF3002941B006E6AA8 /* Sources */,
				57470FD03002941B006E6AA8 /* Frameworks */,
				57470FD13002941B006E6AA8 /* Resources */,
			);
			buildRules = (
			);
			dependencies = (
				57470FD53002941B006E6AA8 /* PBXTargetDependency */,
			);
			fileSystemSynchronizedGroups = (
				57470FD63002941B006E6AA8 /* tvQUITests */,
			);
			name = tvQUITests;
			packageProductDependencies = (
			);
			productName = tvQUITests;
			productReference = 57470FD33002941B006E6AA8 /* tvQUITests.xctest */;
			productType = "com.apple.product-type.bundle.ui-testing";
		};
/* End PBXNativeTarget section */

/* Begin PBXProject section */
		57470FB43002941A006E6AA8 /* Project object */ = {
			isa = PBXProject;
			attributes = {
				BuildIndependentTargetsInParallel = 1;
				LastSwiftUpdateCheck = 2660;
				LastUpgradeCheck = 2660;
				TargetAttributes = {
					57470FBB3002941A006E6AA8 = {
						CreatedOnToolsVersion = 26.6;
					};
					57470FC83002941B006E6AA8 = {
						CreatedOnToolsVersion = 26.6;
						TestTargetID = 57470FBB3002941A006E6AA8;
					};
					57470FD23002941B006E6AA8 = {
						CreatedOnToolsVersion = 26.6;
						TestTargetID = 57470FBB3002941A006E6AA8;
					};
				};
			};
			buildConfigurationList = 57470FB73002941A006E6AA8 /* Build configuration list for PBXProject "tvQ" */;
			developmentRegion = en;
			hasScannedForEncodings = 0;
			knownRegions = (
				en,
				fr,
				Base,
			);
			mainGroup = 57470FB33002941A006E6AA8;
			minimizedProjectReferenceProxies = 1;
			packageReferences = (
				57A0286430056EA600A471FA /* XCRemoteSwiftPackageReference "firebase-ios-sdk" */,
			);
			preferredProjectObjectVersion = 77;
			productRefGroup = 57470FBD3002941A006E6AA8 /* Products */;
			projectDirPath = "";
			projectRoot = "";
			targets = (
				57470FBB3002941A006E6AA8 /* tvQ */,
				57470FC83002941B006E6AA8 /* tvQTests */,
				57470FD23002941B006E6AA8 /* tvQUITests */,
			);
		};
/* End PBXProject section */

/* Begin PBXResourcesBuildPhase section */
		57470FBA3002941A006E6AA8 /* Resources */ = {
			isa = PBXResourcesBuildPhase;
			buildActionMask = 2147483647;
			files = (
			);
			runOnlyForDeploymentPostprocessing = 0;
		};
		57470FC73002941B006E6AA8 /* Resources */ = {
			isa = PBXResourcesBuildPhase;
			buildActionMask = 2147483647;
			files = (
			);
			runOnlyForDeploymentPostprocessing = 0;
		};
		57470FD13002941B006E6AA8 /* Resources */ = {
			isa = PBXResourcesBuildPhase;
			buildActionMask = 2147483647;
			files = (
			);
			runOnlyForDeploymentPostprocessing = 0;
		};
/* End PBXResourcesBuildPhase section */

/* Begin PBXShellScriptBuildPhase section */
		AAAAAAAA0000000000000001 /* Générer Secrets.generated.swift */ = {
			isa = PBXShellScriptBuildPhase;
			buildActionMask = 2147483647;
			files = (
			);
			inputFileListPaths = (
			);
			inputPaths = (
				"$(SRCROOT)/Config/Secrets.xcconfig",
			);
			name = "Générer Secrets.generated.swift";
			outputFileListPaths = (
			);
			outputPaths = (
				"$(SRCROOT)/Config/Secrets.generated.swift",
			);
			runOnlyForDeploymentPostprocessing = 0;
			shellPath = /bin/sh;
			shellScript = "set -e\nif [ -z \"${TMDB_API_KEY}\" ]; then\n  echo \"error: TMDB_API_KEY est vide dans l'environnement du script. Variables TMDB visibles :\"\n  env | grep -i tmdb || echo \"(aucune)\"\n  exit 1\nfi\nmkdir -p \"${SRCROOT}/Config\"\ncat > \"${SRCROOT}/Config/Secrets.generated.swift\" <<EOF\n// Fichier généré automatiquement à la compilation depuis Config/Secrets.xcconfig.\n// Ne JAMAIS éditer à la main ni commiter — voir .gitignore.\nenum Secrets {\n    static let tmdbAPIKey = \"${TMDB_API_KEY}\"\n}\nEOF\n";
		};
/* End PBXShellScriptBuildPhase section */

/* Begin PBXSourcesBuildPhase section */
		57470FB83002941A006E6AA8 /* Sources */ = {
			isa = PBXSourcesBuildPhase;
			buildActionMask = 2147483647;
			files = (
				AAAAAAAA0000000000000003 /* Secrets.generated.swift in Sources */,
			);
			runOnlyForDeploymentPostprocessing = 0;
		};
		57470FC53002941B006E6AA8 /* Sources */ = {
			isa = PBXSourcesBuildPhase;
			buildActionMask = 2147483647;
			files = (
			);
			runOnlyForDeploymentPostprocessing = 0;
		};
		57470FCF3002941B006E6AA8 /* Sources */ = {
			isa = PBXSourcesBuildPhase;
			buildActionMask = 2147483647;
			files = (
			);
			runOnlyForDeploymentPostprocessing = 0;
		};
/* End PBXSourcesBuildPhase section */

/* Begin PBXTargetDependency section */
		57470FCB3002941B006E6AA8 /* PBXTargetDependency */ = {
			isa = PBXTargetDependency;
			target = 57470FBB3002941A006E6AA8 /* tvQ */;
			targetProxy = 57470FCA3002941B006E6AA8 /* PBXContainerItemProxy */;
		};
		57470FD53002941B006E6AA8 /* PBXTargetDependency */ = {
			isa = PBXTargetDependency;
			target = 57470FBB3002941A006E6AA8 /* tvQ */;
			targetProxy = 57470FD43002941B006E6AA8 /* PBXContainerItemProxy */;
		};
/* End PBXTargetDependency section */

/* Begin XCBuildConfiguration section */
		57470FDB3002941B006E6AA8 /* Debug */ = {
			isa = XCBuildConfiguration;
			baseConfigurationReference = AAAAAAAA0000000000000005 /* Secrets.xcconfig */;
			buildSettings = {
				ALWAYS_SEARCH_USER_PATHS = NO;
				ASSETCATALOG_COMPILER_GENERATE_SWIFT_ASSET_SYMBOL_EXTENSIONS = YES;
				CLANG_ANALYZER_NONNULL = YES;
				CLANG_ANALYZER_NUMBER_OBJECT_CONVERSION = YES_AGGRESSIVE;
				CLANG_CXX_LANGUAGE_STANDARD = "gnu++20";
				CLANG_ENABLE_MODULES = YES;
				CLANG_ENABLE_OBJC_ARC = YES;
				CLANG_ENABLE_OBJC_WEAK = YES;
				CLANG_WARN_BLOCK_CAPTURE_AUTORELEASING = YES;
				CLANG_WARN_BOOL_CONVERSION = YES;
				CLANG_WARN_COMMA = YES;
				CLANG_WARN_CONSTANT_CONVERSION = YES;
				CLANG_WARN_DEPRECATED_OBJC_IMPLEMENTATIONS = YES;
				CLANG_WARN_DIRECT_OBJC_ISA_USAGE = YES_ERROR;
				CLANG_WARN_DOCUMENTATION_COMMENTS = YES;
				CLANG_WARN_EMPTY_BODY = YES;
				CLANG_WARN_ENUM_CONVERSION = YES;
				CLANG_WARN_INFINITE_RECURSION = YES;
				CLANG_WARN_INT_CONVERSION = YES;
				CLANG_WARN_NON_LITERAL_NULL_CONVERSION = YES;
				CLANG_WARN_OBJC_IMPLICIT_RETAIN_SELF = YES;
				CLANG_WARN_OBJC_LITERAL_CONVERSION = YES;
				CLANG_WARN_OBJC_ROOT_CLASS = YES_ERROR;
				CLANG_WARN_QUOTED_INCLUDE_IN_FRAMEWORK_HEADER = YES;
				CLANG_WARN_RANGE_LOOP_ANALYSIS = YES;
				CLANG_WARN_STRICT_PROTOTYPES = YES;
				CLANG_WARN_SUSPICIOUS_MOVE = YES;
				CLANG_WARN_UNGUARDED_AVAILABILITY = YES_AGGRESSIVE;
				CLANG_WARN_UNREACHABLE_CODE = YES;
				CLANG_WARN__DUPLICATE_METHOD_MATCH = YES;
				COPY_PHASE_STRIP = NO;
				DEBUG_INFORMATION_FORMAT = dwarf;
				DEVELOPMENT_TEAM = T8DKX94TR7;
				ENABLE_STRICT_OBJC_MSGSEND = YES;
				ENABLE_TESTABILITY = YES;
				ENABLE_USER_SCRIPT_SANDBOXING = YES;
				GCC_C_LANGUAGE_STANDARD = gnu17;
				GCC_DYNAMIC_NO_PIC = NO;
				GCC_NO_COMMON_BLOCKS = YES;
				GCC_OPTIMIZATION_LEVEL = 0;
				GCC_PREPROCESSOR_DEFINITIONS = (
					"DEBUG=1",
					"$(inherited)",
				);
				GCC_WARN_64_TO_32_BIT_CONVERSION = YES;
				GCC_WARN_ABOUT_RETURN_TYPE = YES_ERROR;
				GCC_WARN_UNDECLARED_SELECTOR = YES;
				GCC_WARN_UNINITIALIZED_AUTOS = YES_AGGRESSIVE;
				GCC_WARN_UNUSED_FUNCTION = YES;
				GCC_WARN_UNUSED_VARIABLE = YES;
				IPHONEOS_DEPLOYMENT_TARGET = 26.5;
				LOCALIZATION_PREFERS_STRING_CATALOGS = YES;
				MTL_ENABLE_DEBUG_INFO = INCLUDE_SOURCE;
				MTL_FAST_MATH = YES;
				ONLY_ACTIVE_ARCH = YES;
				SDKROOT = iphoneos;
				SWIFT_ACTIVE_COMPILATION_CONDITIONS = "DEBUG $(inherited)";
				SWIFT_OPTIMIZATION_LEVEL = "-Onone";
			};
			name = Debug;
		};
		57470FDC3002941B006E6AA8 /* Release */ = {
			isa = XCBuildConfiguration;
			baseConfigurationReference = AAAAAAAA0000000000000005 /* Secrets.xcconfig */;
			buildSettings = {
				ALWAYS_SEARCH_USER_PATHS = NO;
				ASSETCATALOG_COMPILER_GENERATE_SWIFT_ASSET_SYMBOL_EXTENSIONS = YES;
				CLANG_ANALYZER_NONNULL = YES;
				CLANG_ANALYZER_NUMBER_OBJECT_CONVERSION = YES_AGGRESSIVE;
				CLANG_CXX_LANGUAGE_STANDARD = "gnu++20";
				CLANG_ENABLE_MODULES = YES;
				CLANG_ENABLE_OBJC_ARC = YES;
				CLANG_ENABLE_OBJC_WEAK = YES;
				CLANG_WARN_BLOCK_CAPTURE_AUTORELEASING = YES;
				CLANG_WARN_BOOL_CONVERSION = YES;
				CLANG_WARN_COMMA = YES;
				CLANG_WARN_CONSTANT_CONVERSION = YES;
				CLANG_WARN_DEPRECATED_OBJC_IMPLEMENTATIONS = YES;
				CLANG_WARN_DIRECT_OBJC_ISA_USAGE = YES_ERROR;
				CLANG_WARN_DOCUMENTATION_COMMENTS = YES;
				CLANG_WARN_EMPTY_BODY = YES;
				CLANG_WARN_ENUM_CONVERSION = YES;
				CLANG_WARN_INFINITE_RECURSION = YES;
				CLANG_WARN_INT_CONVERSION = YES;
				CLANG_WARN_NON_LITERAL_NULL_CONVERSION = YES;
				CLANG_WARN_OBJC_IMPLICIT_RETAIN_SELF = YES;
				CLANG_WARN_OBJC_LITERAL_CONVERSION = YES;
				CLANG_WARN_OBJC_ROOT_CLASS = YES_ERROR;
				CLANG_WARN_QUOTED_INCLUDE_IN_FRAMEWORK_HEADER = YES;
				CLANG_WARN_RANGE_LOOP_ANALYSIS = YES;
				CLANG_WARN_STRICT_PROTOTYPES = YES;
				CLANG_WARN_SUSPICIOUS_MOVE = YES;
				CLANG_WARN_UNGUARDED_AVAILABILITY = YES_AGGRESSIVE;
				CLANG_WARN_UNREACHABLE_CODE = YES;
				CLANG_WARN__DUPLICATE_METHOD_MATCH = YES;
				COPY_PHASE_STRIP = NO;
				DEBUG_INFORMATION_FORMAT = "dwarf-with-dsym";
				DEVELOPMENT_TEAM = T8DKX94TR7;
				ENABLE_NS_ASSERTIONS = NO;
				ENABLE_STRICT_OBJC_MSGSEND = YES;
				ENABLE_USER_SCRIPT_SANDBOXING = YES;
				GCC_C_LANGUAGE_STANDARD = gnu17;
				GCC_NO_COMMON_BLOCKS = YES;
				GCC_WARN_64_TO_32_BIT_CONVERSION = YES;
				GCC_WARN_ABOUT_RETURN_TYPE = YES_ERROR;
				GCC_WARN_UNDECLARED_SELECTOR = YES;
				GCC_WARN_UNINITIALIZED_AUTOS = YES_AGGRESSIVE;
				GCC_WARN_UNUSED_FUNCTION = YES;
				GCC_WARN_UNUSED_VARIABLE = YES;
				IPHONEOS_DEPLOYMENT_TARGET = 26.5;
				LOCALIZATION_PREFERS_STRING_CATALOGS = YES;
				MTL_ENABLE_DEBUG_INFO = NO;
				MTL_FAST_MATH = YES;
				SDKROOT = iphoneos;
				SWIFT_COMPILATION_MODE = wholemodule;
				VALIDATE_PRODUCT = YES;
			};
			name = Release;
		};
		57470FDE3002941B006E6AA8 /* Debug */ = {
			isa = XCBuildConfiguration;
			buildSettings = {
				ASSETCATALOG_COMPILER_APPICON_NAME = AppIcon;
				ASSETCATALOG_COMPILER_GLOBAL_ACCENT_COLOR_NAME = AccentColor;
				CODE_SIGN_ENTITLEMENTS = tvQ/tvQ.entitlements;
				CODE_SIGN_STYLE = Automatic;
				CURRENT_PROJECT_VERSION = 1;
				DEVELOPMENT_TEAM = T8DKX94TR7;
				ENABLE_PREVIEWS = YES;
				GENERATE_INFOPLIST_FILE = YES;
				INFOPLIST_KEY_CFBundleDisplayName = tvQ;
				INFOPLIST_KEY_LSApplicationCategoryType = "public.app-category.entertainment";
				INFOPLIST_KEY_UIApplicationSceneManifest_Generation = YES;
				INFOPLIST_KEY_UIApplicationSupportsIndirectInputEvents = YES;
				INFOPLIST_KEY_UILaunchScreen_Generation = YES;
				INFOPLIST_KEY_UISupportedInterfaceOrientations_iPad = "UIInterfaceOrientationPortrait UIInterfaceOrientationPortraitUpsideDown UIInterfaceOrientationLandscapeLeft UIInterfaceOrientationLandscapeRight";
				INFOPLIST_KEY_UISupportedInterfaceOrientations_iPhone = "UIInterfaceOrientationPortrait UIInterfaceOrientationLandscapeLeft UIInterfaceOrientationLandscapeRight";
				LD_RUNPATH_SEARCH_PATHS = (
					"$(inherited)",
					"@executable_path/Frameworks",
				);
				MARKETING_VERSION = 1.0;
				PRODUCT_BUNDLE_IDENTIFIER = com.ericchandonnet.tvQ;
				PRODUCT_NAME = "$(TARGET_NAME)";
				STRING_CATALOG_GENERATE_SYMBOLS = YES;
				SWIFT_APPROACHABLE_CONCURRENCY = YES;
				SWIFT_DEFAULT_ACTOR_ISOLATION = MainActor;
				SWIFT_EMIT_LOC_STRINGS = YES;
				SWIFT_UPCOMING_FEATURE_MEMBER_IMPORT_VISIBILITY = YES;
				SWIFT_VERSION = 5.0;
				TARGETED_DEVICE_FAMILY = "1,2";
			};
			name = Debug;
		};
		57470FDF3002941B006E6AA8 /* Release */ = {
			isa = XCBuildConfiguration;
			buildSettings = {
				ASSETCATALOG_COMPILER_APPICON_NAME = AppIcon;
				ASSETCATALOG_COMPILER_GLOBAL_ACCENT_COLOR_NAME = AccentColor;
				CODE_SIGN_ENTITLEMENTS = tvQ/tvQ.entitlements;
				CODE_SIGN_STYLE = Automatic;
				CURRENT_PROJECT_VERSION = 1;
				DEVELOPMENT_TEAM = T8DKX94TR7;
				ENABLE_PREVIEWS = YES;
				GENERATE_INFOPLIST_FILE = YES;
				INFOPLIST_KEY_CFBundleDisplayName = tvQ;
				INFOPLIST_KEY_LSApplicationCategoryType = "public.app-category.entertainment";
				INFOPLIST_KEY_UIApplicationSceneManifest_Generation = YES;
				INFOPLIST_KEY_UIApplicationSupportsIndirectInputEvents = YES;
				INFOPLIST_KEY_UILaunchScreen_Generation = YES;
				INFOPLIST_KEY_UISupportedInterfaceOrientations_iPad = "UIInterfaceOrientationPortrait UIInterfaceOrientationPortraitUpsideDown UIInterfaceOrientationLandscapeLeft UIInterfaceOrientationLandscapeRight";
				INFOPLIST_KEY_UISupportedInterfaceOrientations_iPhone = "UIInterfaceOrientationPortrait UIInterfaceOrientationLandscapeLeft UIInterfaceOrientationLandscapeRight";
				LD_RUNPATH_SEARCH_PATHS = (
					"$(inherited)",
					"@executable_path/Frameworks",
				);
				MARKETING_VERSION = 1.0;
				PRODUCT_BUNDLE_IDENTIFIER = com.ericchandonnet.tvQ;
				PRODUCT_NAME = "$(TARGET_NAME)";
				STRING_CATALOG_GENERATE_SYMBOLS = YES;
				SWIFT_APPROACHABLE_CONCURRENCY = YES;
				SWIFT_DEFAULT_ACTOR_ISOLATION = MainActor;
				SWIFT_EMIT_LOC_STRINGS = YES;
				SWIFT_UPCOMING_FEATURE_MEMBER_IMPORT_VISIBILITY = YES;
				SWIFT_VERSION = 5.0;
				TARGETED_DEVICE_FAMILY = "1,2";
			};
			name = Release;
		};
		57470FE13002941B006E6AA8 /* Debug */ = {
			isa = XCBuildConfiguration;
			buildSettings = {
				BUNDLE_LOADER = "$(TEST_HOST)";
				CODE_SIGN_STYLE = Automatic;
				CURRENT_PROJECT_VERSION = 1;
				DEVELOPMENT_TEAM = T8DKX94TR7;
				GENERATE_INFOPLIST_FILE = YES;
				IPHONEOS_DEPLOYMENT_TARGET = 26.5;
				MARKETING_VERSION = 1.0;
				PRODUCT_BUNDLE_IDENTIFIER = com.ericchandonnet.tvQTests;
				PRODUCT_NAME = "$(TARGET_NAME)";
				STRING_CATALOG_GENERATE_SYMBOLS = NO;
				SWIFT_APPROACHABLE_CONCURRENCY = YES;
				SWIFT_EMIT_LOC_STRINGS = NO;
				SWIFT_UPCOMING_FEATURE_MEMBER_IMPORT_VISIBILITY = YES;
				SWIFT_VERSION = 5.0;
				TARGETED_DEVICE_FAMILY = "1,2";
				TEST_HOST = "$(BUILT_PRODUCTS_DIR)/tvQ.app/$(BUNDLE_EXECUTABLE_FOLDER_PATH)/tvQ";
			};
			name = Debug;
		};
		57470FE23002941B006E6AA8 /* Release */ = {
			isa = XCBuildConfiguration;
			buildSettings = {
				BUNDLE_LOADER = "$(TEST_HOST)";
				CODE_SIGN_STYLE = Automatic;
				CURRENT_PROJECT_VERSION = 1;
				DEVELOPMENT_TEAM = T8DKX94TR7;
				GENERATE_INFOPLIST_FILE = YES;
				IPHONEOS_DEPLOYMENT_TARGET = 26.5;
				MARKETING_VERSION = 1.0;
				PRODUCT_BUNDLE_IDENTIFIER = com.ericchandonnet.tvQTests;
				PRODUCT_NAME = "$(TARGET_NAME)";
				STRING_CATALOG_GENERATE_SYMBOLS = NO;
				SWIFT_APPROACHABLE_CONCURRENCY = YES;
				SWIFT_EMIT_LOC_STRINGS = NO;
				SWIFT_UPCOMING_FEATURE_MEMBER_IMPORT_VISIBILITY = YES;
				SWIFT_VERSION = 5.0;
				TARGETED_DEVICE_FAMILY = "1,2";
				TEST_HOST = "$(BUILT_PRODUCTS_DIR)/tvQ.app/$(BUNDLE_EXECUTABLE_FOLDER_PATH)/tvQ";
			};
			name = Release;
		};
		57470FE43002941B006E6AA8 /* Debug */ = {
			isa = XCBuildConfiguration;
			buildSettings = {
				CODE_SIGN_STYLE = Automatic;
				CURRENT_PROJECT_VERSION = 1;
				DEVELOPMENT_TEAM = T8DKX94TR7;
				GENERATE_INFOPLIST_FILE = YES;
				MARKETING_VERSION = 1.0;
				PRODUCT_BUNDLE_IDENTIFIER = com.ericchandonnet.tvQUITests;
				PRODUCT_NAME = "$(TARGET_NAME)";
				STRING_CATALOG_GENERATE_SYMBOLS = NO;
				SWIFT_APPROACHABLE_CONCURRENCY = YES;
				SWIFT_EMIT_LOC_STRINGS = NO;
				SWIFT_UPCOMING_FEATURE_MEMBER_IMPORT_VISIBILITY = YES;
				SWIFT_VERSION = 5.0;
				TARGETED_DEVICE_FAMILY = "1,2";
				TEST_TARGET_NAME = tvQ;
			};
			name = Debug;
		};
		57470FE53002941B006E6AA8 /* Release */ = {
			isa = XCBuildConfiguration;
			buildSettings = {
				CODE_SIGN_STYLE = Automatic;
				CURRENT_PROJECT_VERSION = 1;
				DEVELOPMENT_TEAM = T8DKX94TR7;
				GENERATE_INFOPLIST_FILE = YES;
				MARKETING_VERSION = 1.0;
				PRODUCT_BUNDLE_IDENTIFIER = com.ericchandonnet.tvQUITests;
				PRODUCT_NAME = "$(TARGET_NAME)";
				STRING_CATALOG_GENERATE_SYMBOLS = NO;
				SWIFT_APPROACHABLE_CONCURRENCY = YES;
				SWIFT_EMIT_LOC_STRINGS = NO;
				SWIFT_UPCOMING_FEATURE_MEMBER_IMPORT_VISIBILITY = YES;
				SWIFT_VERSION = 5.0;
				TARGETED_DEVICE_FAMILY = "1,2";
				TEST_TARGET_NAME = tvQ;
			};
			name = Release;
		};
/* End XCBuildConfiguration section */

/* Begin XCConfigurationList section */
		57470FB73002941A006E6AA8 /* Build configuration list for PBXProject "tvQ" */ = {
			isa = XCConfigurationList;
			buildConfigurations = (
				57470FDB3002941B006E6AA8 /* Debug */,
				57470FDC3002941B006E6AA8 /* Release */,
			);
			defaultConfigurationIsVisible = 0;
			defaultConfigurationName = Release;
		};
		57470FDD3002941B006E6AA8 /* Build configuration list for PBXNativeTarget "tvQ" */ = {
			isa = XCConfigurationList;
			buildConfigurations = (
				57470FDE3002941B006E6AA8 /* Debug */,
				57470FDF3002941B006E6AA8 /* Release */,
			);
			defaultConfigurationIsVisible = 0;
			defaultConfigurationName = Release;
		};
		57470FE03002941B006E6AA8 /* Build configuration list for PBXNativeTarget "tvQTests" */ = {
			isa = XCConfigurationList;
			buildConfigurations = (
				57470FE13002941B006E6AA8 /* Debug */,
				57470FE23002941B006E6AA8 /* Release */,
			);
			defaultConfigurationIsVisible = 0;
			defaultConfigurationName = Release;
		};
		57470FE33002941B006E6AA8 /* Build configuration list for PBXNativeTarget "tvQUITests" */ = {
			isa = XCConfigurationList;
			buildConfigurations = (
				57470FE43002941B006E6AA8 /* Debug */,
				57470FE53002941B006E6AA8 /* Release */,
			);
			defaultConfigurationIsVisible = 0;
			defaultConfigurationName = Release;
		};
/* End XCConfigurationList section */

/* Begin XCRemoteSwiftPackageReference section */
		57A0286430056EA600A471FA /* XCRemoteSwiftPackageReference "firebase-ios-sdk" */ = {
			isa = XCRemoteSwiftPackageReference;
			repositoryURL = "https://github.com/firebase/firebase-ios-sdk";
			requirement = {
				kind = upToNextMajorVersion;
				minimumVersion = 12.16.0;
			};
		};
/* End XCRemoteSwiftPackageReference section */

/* Begin XCSwiftPackageProductDependency section */
		57A0286530056EA600A471FA /* FirebaseAuth */ = {
			isa = XCSwiftPackageProductDependency;
			package = 57A0286430056EA600A471FA /* XCRemoteSwiftPackageReference "firebase-ios-sdk" */;
			productName = FirebaseAuth;
		};
		57A0286730056EA600A471FA /* FirebaseCore */ = {
			isa = XCSwiftPackageProductDependency;
			package = 57A0286430056EA600A471FA /* XCRemoteSwiftPackageReference "firebase-ios-sdk" */;
			productName = FirebaseCore;
		};
		57A0286930056EA600A471FA /* FirebaseCrashlytics */ = {
			isa = XCSwiftPackageProductDependency;
			package = 57A0286430056EA600A471FA /* XCRemoteSwiftPackageReference "firebase-ios-sdk" */;
			productName = FirebaseCrashlytics;
		};
		57A0286B30056EA600A471FA /* FirebaseFirestore */ = {
			isa = XCSwiftPackageProductDependency;
			package = 57A0286430056EA600A471FA /* XCRemoteSwiftPackageReference "firebase-ios-sdk" */;
			productName = FirebaseFirestore;
		};
/* End XCSwiftPackageProductDependency section */
	};
	rootObject = 57470FB43002941A006E6AA8 /* Project object */;
}
